
Microsoft Visual Studio Solution File, Format Version 12.00
# Visual Studio Version 17
VisualStudioVersion = 17.4.33403.182
MinimumVisualStudioVersion = 10.0.40219.1
Project("{FAE04EC0-301F-11D3-BF4B-00C04F79EFBC}") = "Udemy.DAL", "Udemy.DAL\Udemy.DAL.csproj", "{1E74EB69-6E7A-4818-8740-3A07436C12A3}"
EndProject
Project("{FAE04EC0-301F-11D3-BF4B-00C04F79EFBC}") = "Udemy.BUSINESS", "Udemy.BUSINESS\Udemy.BUSINESS.csproj", "{C3B6CD2F-05F4-40D8-9A6E-A7D0C99E945B}"
EndProject
Project("{FAE04EC0-301F-11D3-BF4B-00C04F79EFBC}") = "Udemy.CORE", "Udemy.CORE\Udemy.CORE.csproj", "{27C31843-140A-42CC-9F42-8B614D3783E4}"
EndProject
Project("{FAE04EC0-301F-11D3-BF4B-00C04F79EFBC}") = "Udemy.API", "Udemy.API\Udemy.API.csproj", "{847E40DF-1D5B-461C-AA2D-84C52211590B}"
EndProject
Global
	GlobalSection(SolutionConfigurationPlatforms) = preSolution
		Debug|Any CPU = Debug|Any CPU
		Release|Any CPU = Release|Any CPU
	EndGlobalSection
	GlobalSection(ProjectConfigurationPlatforms) = postSolution
		{1E74EB69-6E7A-4818-8740-3A07436C12A3}.Debug|Any CPU.ActiveCfg = Debug|Any CPU
		{1E74EB69-6E7A-4818-8740-3A07436C12A3}.Debug|Any CPU.Build.0 = Debug|Any CPU
		{1E74EB69-6E7A-4818-8740-3A07436C12A3}.Release|Any CPU.ActiveCfg = Release|Any CPU
		{1E74EB69-6E7A-4818-8740-3A07436C12A3}.Release|Any CPU.Build.0 = Release|Any CPU
		{C3B6CD2F-05F4-40D8-9A6E-A7D0C99E945B}.Debug|Any CPU.ActiveCfg = Debug|Any CPU
		{C3B6CD2F-05F4-40D8-9A6E-A7D0C99E945B}.Debug|Any CPU.Build.0 = Debug|Any CPU
		{C3B6CD2F-05F4-40D8-9A6E-A7D0C99E945B}.Release|Any CPU.ActiveCfg = Release|Any CPU
		{C3B6CD2F-05F4-40D8-9A6E-A7D0C99E945B}.Release|Any CPU.Build.0 = Release|Any CPU
		{27C31843-140A-42CC-9F42-8B614D3783E4}.Debug|Any CPU.ActiveCfg = Debug|Any CPU
		{27C31843-140A-42CC-9F42-8B614D3783E4}.Debug|Any CPU.Build.0 = Debug|Any CPU
		{27C31843-140A-42CC-9F42-8B614D3783E4}.Release|Any CPU.ActiveCfg = Release|Any CPU
		{27C31843-140A-42CC-9F42-8B614D3783E4}.Release|Any CPU.Build.0 = Release|Any CPU
		{847E40DF-1D5B-461C-AA2D-84C52211590B}.Debug|Any CPU.ActiveCfg = Debug|Any CPU
		{847E40DF-1D5B-461C-AA2D-84C52211590B}.Debug|Any CPU.Build.0 = Debug|Any CPU
		{847E40DF-1D5B-461C-AA2D-84C52211590B}.Release|Any CPU.ActiveCfg = Release|Any CPU
		{847E40DF-1D5B-461C-AA2D-84C52211590B}.Release|Any CPU.Build.0 = Release|Any CPU
	EndGlobalSection
	GlobalSection(SolutionProperties) = preSolution
		HideSolutionNode = FALSE
	EndGlobalSection
	GlobalSection(ExtensibilityGlobals) = postSolution
		SolutionGuid = {03A3F894-D7C2-4957-8059-DA24C58E168F}
	EndGlobalSection
EndGlobal
